
Microsoft Visual Studio Solution File, Format Version 12.00
# Visual Studio Version 17
VisualStudioVersion = 17.9.34607.119
MinimumVisualStudioVersion = 10.0.40219.1
Project("{8BC9CEB8-8B4A-11D0-8D11-00A0C91BC942}") = "NeuralNetworkCpp", "NeuralNetworkCpp\NeuralNetworkCpp.vcxproj", "{4F2C9DBB-F3AB-4BFD-85C3-81C3F58118C0}"
EndProject
Project("{8BC9CEB8-8B4A-11D0-8D11-00A0C91BC942}") = "LogisticRegressionStandalone", "LogisticRegressionStandalone\LogisticRegressionStandalone.vcxproj", "{86747574-44FE-409B-BE3D-7B537DE0C36C}"
EndProject
Project("{8BC9CEB8-8B4A-11D0-8D11-00A0C91BC942}") = "TestMatrixClass", "TestMatrixClass\TestMatrixClass.vcxproj", "{CBB68B24-7A16-4CBC-9CCB-73FCACADDACE}"
EndProject
Project("{8BC9CEB8-8B4A-11D0-8D11-00A0C91BC942}") = "Playground", "Playground\Playground.vcxproj", "{61F427BE-F8AA-4D46-94C0-EF8EFA251E94}"
EndProject
Project("{8BC9CEB8-8B4A-11D0-8D11-00A0C91BC942}") = "LogisticRegressionFramework", "LogisticRegressionFramework\LogisticRegressionFramework.vcxproj", "{C23A97BA-6547-4245-A775-AA4F21AEAA82}"
EndProject
Project("{8BC9CEB8-8B4A-11D0-8D11-00A0C91BC942}") = "MLImageNetwork", "MLImageNetwork\MLImageNetwork.vcxproj", "{D65D8C4E-38B8-4521-B5E1-229ABB71F134}"
EndProject
Project("{8BC9CEB8-8B4A-11D0-8D11-00A0C91BC942}") = "MandlebrotAprox", "MandlebrotAprox\MandlebrotAprox.vcxproj", "{0E7DC57C-7247-4037-ADA0-78796815D4EF}"
EndProject
Project("{8BC9CEB8-8B4A-11D0-8D11-00A0C91BC942}") = "CudaMatrix", "CudaMatrix\CudaMatrix.vcxproj", "{DAF7A40A-CFE6-42E0-9269-A61D6BED037D}"
EndProject
Project("{8BC9CEB8-8B4A-11D0-8D11-00A0C91BC942}") = "ValidationNetwork", "ValidationNetwork\ValidationNetwork.vcxproj", "{EC84A0A7-1155-41F5-8FAC-18B9C252670F}"
EndProject
Project("{8BC9CEB8-8B4A-11D0-8D11-00A0C91BC942}") = "LogistricRegressionCUDA", "LogistricRegressionCUDA\LogistricRegressionCUDA.vcxproj", "{2D8230CF-C422-48CF-A5CB-367CFA6C6FA4}"
EndProject
Global
	GlobalSection(SolutionConfigurationPlatforms) = preSolution
		Debug|x64 = Debug|x64
		Debug|x86 = Debug|x86
		Release|x64 = Release|x64
		Release|x86 = Release|x86
	EndGlobalSection
	GlobalSection(ProjectConfigurationPlatforms) = postSolution
		{4F2C9DBB-F3AB-4BFD-85C3-81C3F58118C0}.Debug|x64.ActiveCfg = Debug|x64
		{4F2C9DBB-F3AB-4BFD-85C3-81C3F58118C0}.Debug|x64.Build.0 = Debug|x64
		{4F2C9DBB-F3AB-4BFD-85C3-81C3F58118C0}.Debug|x86.ActiveCfg = Debug|Win32
		{4F2C9DBB-F3AB-4BFD-85C3-81C3F58118C0}.Debug|x86.Build.0 = Debug|Win32
		{4F2C9DBB-F3AB-4BFD-85C3-81C3F58118C0}.Release|x64.ActiveCfg = Release|x64
		{4F2C9DBB-F3AB-4BFD-85C3-81C3F58118C0}.Release|x64.Build.0 = Release|x64
		{4F2C9DBB-F3AB-4BFD-85C3-81C3F58118C0}.Release|x86.ActiveCfg = Release|Win32
		{4F2C9DBB-F3AB-4BFD-85C3-81C3F58118C0}.Release|x86.Build.0 = Release|Win32
		{86747574-44FE-409B-BE3D-7B537DE0C36C}.Debug|x64.ActiveCfg = Debug|x64
		{86747574-44FE-409B-BE3D-7B537DE0C36C}.Debug|x64.Build.0 = Debug|x64
		{86747574-44FE-409B-BE3D-7B537DE0C36C}.Debug|x86.ActiveCfg = Debug|Win32
		{86747574-44FE-409B-BE3D-7B537DE0C36C}.Debug|x86.Build.0 = Debug|Win32
		{86747574-44FE-409B-BE3D-7B537DE0C36C}.Release|x64.ActiveCfg = Release|x64
		{86747574-44FE-409B-BE3D-7B537DE0C36C}.Release|x64.Build.0 = Release|x64
		{86747574-44FE-409B-BE3D-7B537DE0C36C}.Release|x86.ActiveCfg = Release|Win32
		{86747574-44FE-409B-BE3D-7B537DE0C36C}.Release|x86.Build.0 = Release|Win32
		{CBB68B24-7A16-4CBC-9CCB-73FCACADDACE}.Debug|x64.ActiveCfg = Debug|x64
		{CBB68B24-7A16-4CBC-9CCB-73FCACADDACE}.Debug|x64.Build.0 = Debug|x64
		{CBB68B24-7A16-4CBC-9CCB-73FCACADDACE}.Debug|x86.ActiveCfg = Debug|Win32
		{CBB68B24-7A16-4CBC-9CCB-73FCACADDACE}.Debug|x86.Build.0 = Debug|Win32
		{CBB68B24-7A16-4CBC-9CCB-73FCACADDACE}.Release|x64.ActiveCfg = Release|x64
		{CBB68B24-7A16-4CBC-9CCB-73FCACADDACE}.Release|x64.Build.0 = Release|x64
		{CBB68B24-7A16-4CBC-9CCB-73FCACADDACE}.Release|x86.ActiveCfg = Release|Win32
		{CBB68B24-7A16-4CBC-9CCB-73FCACADDACE}.Release|x86.Build.0 = Release|Win32
		{61F427BE-F8AA-4D46-94C0-EF8EFA251E94}.Debug|x64.ActiveCfg = Debug|x64
		{61F427BE-F8AA-4D46-94C0-EF8EFA251E94}.Debug|x64.Build.0 = Debug|x64
		{61F427BE-F8AA-4D46-94C0-EF8EFA251E94}.Debug|x86.ActiveCfg = Debug|Win32
		{61F427BE-F8AA-4D46-94C0-EF8EFA251E94}.Debug|x86.Build.0 = Debug|Win32
		{61F427BE-F8AA-4D46-94C0-EF8EFA251E94}.Release|x64.ActiveCfg = Release|x64
		{61F427BE-F8AA-4D46-94C0-EF8EFA251E94}.Release|x64.Build.0 = Release|x64
		{61F427BE-F8AA-4D46-94C0-EF8EFA251E94}.Release|x86.ActiveCfg = Release|Win32
		{61F427BE-F8AA-4D46-94C0-EF8EFA251E94}.Release|x86.Build.0 = Release|Win32
		{C23A97BA-6547-4245-A775-AA4F21AEAA82}.Debug|x64.ActiveCfg = Debug|x64
		{C23A97BA-6547-4245-A775-AA4F21AEAA82}.Debug|x64.Build.0 = Debug|x64
		{C23A97BA-6547-4245-A775-AA4F21AEAA82}.Debug|x86.ActiveCfg = Debug|Win32
		{C23A97BA-6547-4245-A775-AA4F21AEAA82}.Debug|x86.Build.0 = Debug|Win32
		{C23A97BA-6547-4245-A775-AA4F21AEAA82}.Release|x64.ActiveCfg = Release|x64
		{C23A97BA-6547-4245-A775-AA4F21AEAA82}.Release|x64.Build.0 = Release|x64
		{C23A97BA-6547-4245-A775-AA4F21AEAA82}.Release|x86.ActiveCfg = Release|Win32
		{C23A97BA-6547-4245-A775-AA4F21AEAA82}.Release|x86.Build.0 = Release|Win32
		{D65D8C4E-38B8-4521-B5E1-229ABB71F134}.Debug|x64.ActiveCfg = Debug|x64
		{D65D8C4E-38B8-4521-B5E1-229ABB71F134}.Debug|x64.Build.0 = Debug|x64
		{D65D8C4E-38B8-4521-B5E1-229ABB71F134}.Debug|x86.ActiveCfg = Debug|Win32
		{D65D8C4E-38B8-4521-B5E1-229ABB71F134}.Debug|x86.Build.0 = Debug|Win32
		{D65D8C4E-38B8-4521-B5E1-229ABB71F134}.Release|x64.ActiveCfg = Release|x64
		{D65D8C4E-38B8-4521-B5E1-229ABB71F134}.Release|x64.Build.0 = Release|x64
		{D65D8C4E-38B8-4521-B5E1-229ABB71F134}.Release|x86.ActiveCfg = Release|Win32
		{D65D8C4E-38B8-4521-B5E1-229ABB71F134}.Release|x86.Build.0 = Release|Win32
		{0E7DC57C-7247-4037-ADA0-78796815D4EF}.Debug|x64.ActiveCfg = Debug|x64
		{0E7DC57C-7247-4037-ADA0-78796815D4EF}.Debug|x64.Build.0 = Debug|x64
		{0E7DC57C-7247-4037-ADA0-78796815D4EF}.Debug|x86.ActiveCfg = Debug|Win32
		{0E7DC57C-7247-4037-ADA0-78796815D4EF}.Debug|x86.Build.0 = Debug|Win32
		{0E7DC57C-7247-4037-ADA0-78796815D4EF}.Release|x64.ActiveCfg = Release|x64
		{0E7DC57C-7247-4037-ADA0-78796815D4EF}.Release|x64.Build.0 = Release|x64
		{0E7DC57C-7247-4037-ADA0-78796815D4EF}.Release|x86.ActiveCfg = Release|Win32
		{0E7DC57C-7247-4037-ADA0-78796815D4EF}.Release|x86.Build.0 = Release|Win32
		{DAF7A40A-CFE6-42E0-9269-A61D6BED037D}.Debug|x64.ActiveCfg = Debug|x64
		{DAF7A40A-CFE6-42E0-9269-A61D6BED037D}.Debug|x64.Build.0 = Debug|x64
		{DAF7A40A-CFE6-42E0-9269-A61D6BED037D}.Debug|x86.ActiveCfg = Debug|Win32
		{DAF7A40A-CFE6-42E0-9269-A61D6BED037D}.Debug|x86.Build.0 = Debug|Win32
		{DAF7A40A-CFE6-42E0-9269-A61D6BED037D}.Release|x64.ActiveCfg = Release|x64
		{DAF7A40A-CFE6-42E0-9269-A61D6BED037D}.Release|x64.Build.0 = Release|x64
		{DAF7A40A-CFE6-42E0-9269-A61D6BED037D}.Release|x86.ActiveCfg = Release|Win32
		{DAF7A40A-CFE6-42E0-9269-A61D6BED037D}.Release|x86.Build.0 = Release|Win32
		{EC84A0A7-1155-41F5-8FAC-18B9C252670F}.Debug|x64.ActiveCfg = Debug|x64
		{EC84A0A7-1155-41F5-8FAC-18B9C252670F}.Debug|x64.Build.0 = Debug|x64
		{EC84A0A7-1155-41F5-8FAC-18B9C252670F}.Debug|x86.ActiveCfg = Debug|Win32
		{EC84A0A7-1155-41F5-8FAC-18B9C252670F}.Debug|x86.Build.0 = Debug|Win32
		{EC84A0A7-1155-41F5-8FAC-18B9C252670F}.Release|x64.ActiveCfg = Release|x64
		{EC84A0A7-1155-41F5-8FAC-18B9C252670F}.Release|x64.Build.0 = Release|x64
		{EC84A0A7-1155-41F5-8FAC-18B9C252670F}.Release|x86.ActiveCfg = Release|Win32
		{EC84A0A7-1155-41F5-8FAC-18B9C252670F}.Release|x86.Build.0 = Release|Win32
		{2D8230CF-C422-48CF-A5CB-367CFA6C6FA4}.Debug|x64.ActiveCfg = Debug|x64
		{2D8230CF-C422-48CF-A5CB-367CFA6C6FA4}.Debug|x64.Build.0 = Debug|x64
		{2D8230CF-C422-48CF-A5CB-367CFA6C6FA4}.Debug|x86.ActiveCfg = Debug|Win32
		{2D8230CF-C422-48CF-A5CB-367CFA6C6FA4}.Debug|x86.Build.0 = Debug|Win32
		{2D8230CF-C422-48CF-A5CB-367CFA6C6FA4}.Release|x64.ActiveCfg = Release|x64
		{2D8230CF-C422-48CF-A5CB-367CFA6C6FA4}.Release|x64.Build.0 = Release|x64
		{2D8230CF-C422-48CF-A5CB-367CFA6C6FA4}.Release|x86.ActiveCfg = Release|Win32
		{2D8230CF-C422-48CF-A5CB-367CFA6C6FA4}.Release|x86.Build.0 = Release|Win32
	EndGlobalSection
	GlobalSection(SolutionProperties) = preSolution
		HideSolutionNode = FALSE
	EndGlobalSection
	GlobalSection(ExtensibilityGlobals) = postSolution
		SolutionGuid = {F9E229F3-FE2B-4697-9699-9BB42AAD9A2A}
	EndGlobalSection
EndGlobal
